
Microsoft Visual Studio Solution File, Format Version 12.00
# Visual Studio Version 17
VisualStudioVersion = 17.8.34511.84
MinimumVisualStudioVersion = 10.0.40219.1
Project("{9A19103F-16F7-4668-BE54-9A1E7A4F7556}") = "MiniShop", "MiniShop\MiniShop.csproj", "{DFDC21F3-567C-4013-93F6-D77CDF50CCB5}"
EndProject
Project("{FAE04EC0-301F-11D3-BF4B-00C04F79EFBC}") = "MiniShopRazorPages", "MiniShopRazorPages\MiniShopRazorPages.csproj", "{9F2825E2-13BE-4A9A-B5CC-13C09BC9292C}"
EndProject
Global
	GlobalSection(SolutionConfigurationPlatforms) = preSolution
		Debug|Any CPU = Debug|Any CPU
		Release|Any CPU = Release|Any CPU
	EndGlobalSection
	GlobalSection(ProjectConfigurationPlatforms) = postSolution
		{DFDC21F3-567C-4013-93F6-D77CDF50CCB5}.Debug|Any CPU.ActiveCfg = Debug|Any CPU
		{DFDC21F3-567C-4013-93F6-D77CDF50CCB5}.Debug|Any CPU.Build.0 = Debug|Any CPU
		{DFDC21F3-567C-4013-93F6-D77CDF50CCB5}.Release|Any CPU.ActiveCfg = Release|Any CPU
		{DFDC21F3-567C-4013-93F6-D77CDF50CCB5}.Release|Any CPU.Build.0 = Release|Any CPU
		{9F2825E2-13BE-4A9A-B5CC-13C09BC9292C}.Debug|Any CPU.ActiveCfg = Debug|Any CPU
		{9F2825E2-13BE-4A9A-B5CC-13C09BC9292C}.Debug|Any CPU.Build.0 = Debug|Any CPU
		{9F2825E2-13BE-4A9A-B5CC-13C09BC9292C}.Release|Any CPU.ActiveCfg = Release|Any CPU
		{9F2825E2-13BE-4A9A-B5CC-13C09BC9292C}.Release|Any CPU.Build.0 = Release|Any CPU
	EndGlobalSection
	GlobalSection(SolutionProperties) = preSolution
		HideSolutionNode = FALSE
	EndGlobalSection
	GlobalSection(ExtensibilityGlobals) = postSolution
		SolutionGuid = {A95E11DC-6D56-4594-B20D-8C2023799759}
	EndGlobalSection
EndGlobal
